
Microsoft Visual Studio Solution File, Format Version 12.00
# Visual Studio 15
VisualStudioVersion = 15.0.28307.757
MinimumVisualStudioVersion = 10.0.40219.1
Project("{9A19103F-16F7-4668-BE54-9A1E7A4F7556}") = "PhoneBookApi", "phonebookapi\PhoneBookApi.csproj", "{6B1047DF-0060-4460-8383-F95D42E1121B}"
EndProject
Project("{9A19103F-16F7-4668-BE54-9A1E7A4F7556}") = "PhoneBook.Data", "phonebook.data\PhoneBook.Data.csproj", "{F3A85151-2A99-4BB8-B402-617E5BF695D9}"
EndProject
Global
	GlobalSection(SolutionConfigurationPlatforms) = preSolution
		Debug|Any CPU = Debug|Any CPU
		Release|Any CPU = Release|Any CPU
	EndGlobalSection
	GlobalSection(ProjectConfigurationPlatforms) = postSolution
		{6B1047DF-0060-4460-8383-F95D42E1121B}.Debug|Any CPU.ActiveCfg = Debug|Any CPU
		{6B1047DF-0060-4460-8383-F95D42E1121B}.Debug|Any CPU.Build.0 = Debug|Any CPU
		{6B1047DF-0060-4460-8383-F95D42E1121B}.Release|Any CPU.ActiveCfg = Release|Any CPU
		{6B1047DF-0060-4460-8383-F95D42E1121B}.Release|Any CPU.Build.0 = Release|Any CPU
		{F3A85151-2A99-4BB8-B402-617E5BF695D9}.Debug|Any CPU.ActiveCfg = Debug|Any CPU
		{F3A85151-2A99-4BB8-B402-617E5BF695D9}.Debug|Any CPU.Build.0 = Debug|Any CPU
		{F3A85151-2A99-4BB8-B402-617E5BF695D9}.Release|Any CPU.ActiveCfg = Release|Any CPU
		{F3A85151-2A99-4BB8-B402-617E5BF695D9}.Release|Any CPU.Build.0 = Release|Any CPU
	EndGlobalSection
	GlobalSection(SolutionProperties) = preSolution
		HideSolutionNode = FALSE
	EndGlobalSection
	GlobalSection(ExtensibilityGlobals) = postSolution
		SolutionGuid = {8D8F4998-08E6-451E-9912-69B1A9143875}
	EndGlobalSection
EndGlobal
